{
  "requires": true,
  "lockfileVersion": 1,
  "dependencies": {
    "now": {
      "version": "16.7.3",
      "resolved": "https://registry.npmjs.org/now/-/now-16.7.3.tgz",
      "integrity": "sha512-8jtk6dRmrDd8gBJFWA41BNYV/U1YrSdI+PRJKHb/RLBAN6ZUb+AJeIn0moWwyhLSYhoP0X+nCydcHCKjiRSIsA==",
      "dev": true
    }
  }
}
